
Microsoft Visual Studio Solution File, Format Version 12.00
# Visual Studio Version 16
VisualStudioVersion = 16.0.35325.158
MinimumVisualStudioVersion = 10.0.40219.1
Project("{FAE04EC0-301F-11D3-BF4B-00C04F79EFBC}") = "UltraChart_Symbol", "UltraChart_Symbol\UltraChart_Symbol.csproj", "{71D38AA0-C54E-467A-B150-F07D71D8D7A1}"
EndProject
Global
	GlobalSection(SolutionConfigurationPlatforms) = preSolution
		Debug|Any CPU = Debug|Any CPU
		Release|Any CPU = Release|Any CPU
	EndGlobalSection
	GlobalSection(ProjectConfigurationPlatforms) = postSolution
		{71D38AA0-C54E-467A-B150-F07D71D8D7A1}.Debug|Any CPU.ActiveCfg = Debug|Any CPU
		{71D38AA0-C54E-467A-B150-F07D71D8D7A1}.Debug|Any CPU.Build.0 = Debug|Any CPU
		{71D38AA0-C54E-467A-B150-F07D71D8D7A1}.Release|Any CPU.ActiveCfg = Release|Any CPU
		{71D38AA0-C54E-467A-B150-F07D71D8D7A1}.Release|Any CPU.Build.0 = Release|Any CPU
	EndGlobalSection
	GlobalSection(SolutionProperties) = preSolution
		HideSolutionNode = FALSE
	EndGlobalSection
	GlobalSection(ExtensibilityGlobals) = postSolution
		SolutionGuid = {CDB35481-968F-4443-85D0-CD71A1036128}
	EndGlobalSection
EndGlobal
